
Microsoft Visual Studio Solution File, Format Version 12.00
# Visual Studio 15
VisualStudioVersion = 15.0.26124.0
MinimumVisualStudioVersion = 15.0.26124.0
Project("{FAE04EC0-301F-11D3-BF4B-00C04F79EFBC}") = "appSolutions", "appSolutions\appSolutions.csproj", "{648FC3F9-A423-4EE2-A057-25BB4EDE1442}"
EndProject
Project("{FAE04EC0-301F-11D3-BF4B-00C04F79EFBC}") = "appunittest", "appunittest\appunittest.csproj", "{D27888AD-6BF8-4C78-8040-FCB7D7CCEABE}"
EndProject
Global
	GlobalSection(SolutionConfigurationPlatforms) = preSolution
		Debug|Any CPU = Debug|Any CPU
		Debug|x64 = Debug|x64
		Debug|x86 = Debug|x86
		Release|Any CPU = Release|Any CPU
		Release|x64 = Release|x64
		Release|x86 = Release|x86
	EndGlobalSection
	GlobalSection(SolutionProperties) = preSolution
		HideSolutionNode = FALSE
	EndGlobalSection
	GlobalSection(ProjectConfigurationPlatforms) = postSolution
		{648FC3F9-A423-4EE2-A057-25BB4EDE1442}.Debug|Any CPU.ActiveCfg = Debug|Any CPU
		{648FC3F9-A423-4EE2-A057-25BB4EDE1442}.Debug|Any CPU.Build.0 = Debug|Any CPU
		{648FC3F9-A423-4EE2-A057-25BB4EDE1442}.Debug|x64.ActiveCfg = Debug|Any CPU
		{648FC3F9-A423-4EE2-A057-25BB4EDE1442}.Debug|x64.Build.0 = Debug|Any CPU
		{648FC3F9-A423-4EE2-A057-25BB4EDE1442}.Debug|x86.ActiveCfg = Debug|Any CPU
		{648FC3F9-A423-4EE2-A057-25BB4EDE1442}.Debug|x86.Build.0 = Debug|Any CPU
		{648FC3F9-A423-4EE2-A057-25BB4EDE1442}.Release|Any CPU.ActiveCfg = Release|Any CPU
		{648FC3F9-A423-4EE2-A057-25BB4EDE1442}.Release|Any CPU.Build.0 = Release|Any CPU
		{648FC3F9-A423-4EE2-A057-25BB4EDE1442}.Release|x64.ActiveCfg = Release|Any CPU
		{648FC3F9-A423-4EE2-A057-25BB4EDE1442}.Release|x64.Build.0 = Release|Any CPU
		{648FC3F9-A423-4EE2-A057-25BB4EDE1442}.Release|x86.ActiveCfg = Release|Any CPU
		{648FC3F9-A423-4EE2-A057-25BB4EDE1442}.Release|x86.Build.0 = Release|Any CPU
		{D27888AD-6BF8-4C78-8040-FCB7D7CCEABE}.Debug|Any CPU.ActiveCfg = Debug|Any CPU
		{D27888AD-6BF8-4C78-8040-FCB7D7CCEABE}.Debug|Any CPU.Build.0 = Debug|Any CPU
		{D27888AD-6BF8-4C78-8040-FCB7D7CCEABE}.Debug|x64.ActiveCfg = Debug|Any CPU
		{D27888AD-6BF8-4C78-8040-FCB7D7CCEABE}.Debug|x64.Build.0 = Debug|Any CPU
		{D27888AD-6BF8-4C78-8040-FCB7D7CCEABE}.Debug|x86.ActiveCfg = Debug|Any CPU
		{D27888AD-6BF8-4C78-8040-FCB7D7CCEABE}.Debug|x86.Build.0 = Debug|Any CPU
		{D27888AD-6BF8-4C78-8040-FCB7D7CCEABE}.Release|Any CPU.ActiveCfg = Release|Any CPU
		{D27888AD-6BF8-4C78-8040-FCB7D7CCEABE}.Release|Any CPU.Build.0 = Release|Any CPU
		{D27888AD-6BF8-4C78-8040-FCB7D7CCEABE}.Release|x64.ActiveCfg = Release|Any CPU
		{D27888AD-6BF8-4C78-8040-FCB7D7CCEABE}.Release|x64.Build.0 = Release|Any CPU
		{D27888AD-6BF8-4C78-8040-FCB7D7CCEABE}.Release|x86.ActiveCfg = Release|Any CPU
		{D27888AD-6BF8-4C78-8040-FCB7D7CCEABE}.Release|x86.Build.0 = Release|Any CPU
	EndGlobalSection
EndGlobal
